
Microsoft Visual Studio Solution File, Format Version 12.00
# Visual Studio Version 16
VisualStudioVersion = 16.0.30621.155
MinimumVisualStudioVersion = 10.0.40219.1
Project("{FAE04EC0-301F-11D3-BF4B-00C04F79EFBC}") = "Socom1StreamOverlay", "Socom1StreamOverlay\Socom1StreamOverlay.csproj", "{DF8C7DC9-868F-4104-BCAB-49BFF4CDEA02}"
EndProject
Global
	GlobalSection(SolutionConfigurationPlatforms) = preSolution
		Debug|Any CPU = Debug|Any CPU
		Release|Any CPU = Release|Any CPU
	EndGlobalSection
	GlobalSection(ProjectConfigurationPlatforms) = postSolution
		{DF8C7DC9-868F-4104-BCAB-49BFF4CDEA02}.Debug|Any CPU.ActiveCfg = Debug|Any CPU
		{DF8C7DC9-868F-4104-BCAB-49BFF4CDEA02}.Debug|Any CPU.Build.0 = Debug|Any CPU
		{DF8C7DC9-868F-4104-BCAB-49BFF4CDEA02}.Release|Any CPU.ActiveCfg = Release|Any CPU
		{DF8C7DC9-868F-4104-BCAB-49BFF4CDEA02}.Release|Any CPU.Build.0 = Release|Any CPU
	EndGlobalSection
	GlobalSection(SolutionProperties) = preSolution
		HideSolutionNode = FALSE
	EndGlobalSection
	GlobalSection(ExtensibilityGlobals) = postSolution
		SolutionGuid = {F3FC192D-F04A-4ADF-92F3-C81B8E64F587}
	EndGlobalSection
EndGlobal
